{
  "object": {
    "pins": [
      {
        "package": "CoreGraphicsExtensions",
        "repositoryURL": "https://github.com/heestand-xyz/CoreGraphicsExtensions",
        "state": {
          "branch": null,
          "revision": "89b30426f001988a878905d9cdcec0647dc17281",
          "version": "1.3.1"
        }
      },
      {
        "package": "PixelColor",
        "repositoryURL": "https://github.com/heestand-xyz/PixelColor",
        "state": {
          "branch": null,
          "revision": "04d2444fc288edc5fa5cbfd85bbbc9128b63e6db",
          "version": "1.3.4"
        }
      },
      {
        "package": "PixelKit",
        "repositoryURL": "https://github.com/heestand-xyz/PixelKit",
        "state": {
          "branch": null,
          "revision": "f663ac4951ac04138797dfc5d819c875b7010325",
          "version": "3.0.3"
        }
      },
      {
        "package": "RenderKit",
        "repositoryURL": "https://github.com/heestand-xyz/RenderKit",
        "state": {
          "branch": null,
          "revision": "71c1363f8ea93405209b4d20303b3caa1058501a",
          "version": "2.0.2"
        }
      },
      {
        "package": "Resolution",
        "repositoryURL": "https://github.com/heestand-xyz/Resolution",
        "state": {
          "branch": null,
          "revision": "0fdee03d7b312f075897cdac437f366cc6631d6a",
          "version": "1.0.4"
        }
      },
      {
        "package": "TextureMap",
        "repositoryURL": "https://github.com/heestand-xyz/TextureMap",
        "state": {
          "branch": null,
          "revision": "dd04b7c1bf64853afa4c045a511bbca7f5b12f54",
          "version": "0.5.0"
        }
      }
    ]
  },
  "version": 1
}
