PODS:
  - CocoaAsyncSocket (7.6.3)
  - LiveValues (1.1.2):
    - OSCKit
  - OSCKit (0.3.5):
    - CocoaAsyncSocket (~> 7.3)
  - PixelKit (0.8.1):
    - LiveValues (~> 1.1)
    - RenderKit (~> 0.3)
    - SwiftSVG (~> 2.0)
  - RenderKit (0.3.0):
    - LiveValues (~> 1.1)
  - SwiftSVG (2.3.0)

DEPENDENCIES:
  - LiveValues (from `~/Documents/Code/Frameworks/Production/LiveValues`)
  - PixelKit (from `~/Documents/Code/Frameworks/Production/PixelKit`)
  - RenderKit (from `~/Documents/Code/Frameworks/Production/RenderKit`)

SPEC REPOS:
  https://github.com/cocoapods/specs.git:
    - CocoaAsyncSocket
    - OSCKit
    - SwiftSVG

EXTERNAL SOURCES:
  LiveValues:
    :path: "~/Documents/Code/Frameworks/Production/LiveValues"
  PixelKit:
    :path: "~/Documents/Code/Frameworks/Production/PixelKit"
  RenderKit:
    :path: "~/Documents/Code/Frameworks/Production/RenderKit"

SPEC CHECKSUMS:
  CocoaAsyncSocket: eafaa68a7e0ec99ead0a7b35015e0bf25d2c8987
  LiveValues: 2525b802b6f0705d72b7681cfdb7091c0df6db98
  OSCKit: 4470dbd30bc792dcf66dc4e7b5d1ec7174add33c
  PixelKit: c45ccd71a6f578f4d4b0e7f496cc1dd2751f3bce
  RenderKit: a82e0f7f7522244825905e0931dfa1d2604265c4
  SwiftSVG: a864db6198fbddfd377f8169849580df18512e67

PODFILE CHECKSUM: ba5114c5b6a495ecf30097ec5cf8071e1858da7e

COCOAPODS: 1.7.5
