// !$*UTF8*$!
{
	archiveVersion = 1;
	classes = {
	};
	objectVersion = 50;
	objects = {

/* Begin PBXBuildFile section */
		3A1D22F72156839E00D0BADD /* Nil3DVTX.metal in Sources */ = {isa = PBXBuildFile; fileRef = 3A1D22F62156839E00D0BADD /* Nil3DVTX.metal */; };
		3A1D22F9215687AF00D0BADD /* Distort3DVTX.metal in Sources */ = {isa = PBXBuildFile; fileRef = 3A1D22F8215687AF00D0BADD /* Distort3DVTX.metal */; };
		3A3D4CED21567C7C0071FAC7 /* Color3DPIX.metal in Sources */ = {isa = PBXBuildFile; fileRef = 3A3D4CEC21567C5C0071FAC7 /* Color3DPIX.metal */; };
		3AEED6DD227B0154000B018A /* ParticleUV3DVTX.metal in Sources */ = {isa = PBXBuildFile; fileRef = 3AEED6DC227B0154000B018A /* ParticleUV3DVTX.metal */; };
		74A3DE772230123100FC9B54 /* Obj3DVTX.metal in Sources */ = {isa = PBXBuildFile; fileRef = 74A3DE762230123000FC9B54 /* Obj3DVTX.metal */; };
		74B40E9C215D565600518DFD /* Particle3DVTX.metal in Sources */ = {isa = PBXBuildFile; fileRef = 74B40E9B215D565600518DFD /* Particle3DVTX.metal */; };
		74B40EA1215D5B2000518DFD /* noise_header.metal in Sources */ = {isa = PBXBuildFile; fileRef = 74B40E9F215D5B2000518DFD /* noise_header.metal */; };
		74B40EA2215D5B2000518DFD /* random_header.metal in Sources */ = {isa = PBXBuildFile; fileRef = 74B40EA0215D5B2000518DFD /* random_header.metal */; };
		74B40EA5215D5DA600518DFD /* random.metal in Sources */ = {isa = PBXBuildFile; fileRef = 74B40EA3215D5DA600518DFD /* random.metal */; };
		74B40EA6215D5DA600518DFD /* noise.metal in Sources */ = {isa = PBXBuildFile; fileRef = 74B40EA4215D5DA600518DFD /* noise.metal */; };
		74DD8E94227B1A9B00B1C5B2 /* Color3DPIX.metal in Sources */ = {isa = PBXBuildFile; fileRef = 3A3D4CEC21567C5C0071FAC7 /* Color3DPIX.metal */; };
		74DD8E95227B1A9B00B1C5B2 /* Nil3DVTX.metal in Sources */ = {isa = PBXBuildFile; fileRef = 3A1D22F62156839E00D0BADD /* Nil3DVTX.metal */; };
		74DD8E96227B1A9B00B1C5B2 /* Obj3DVTX.metal in Sources */ = {isa = PBXBuildFile; fileRef = 74A3DE762230123000FC9B54 /* Obj3DVTX.metal */; };
		74DD8E97227B1A9B00B1C5B2 /* Distort3DVTX.metal in Sources */ = {isa = PBXBuildFile; fileRef = 3A1D22F8215687AF00D0BADD /* Distort3DVTX.metal */; };
		74DD8E98227B1A9B00B1C5B2 /* Particle3DVTX.metal in Sources */ = {isa = PBXBuildFile; fileRef = 74B40E9B215D565600518DFD /* Particle3DVTX.metal */; };
		74DD8E99227B1A9B00B1C5B2 /* ParticleUV3DVTX.metal in Sources */ = {isa = PBXBuildFile; fileRef = 3AEED6DC227B0154000B018A /* ParticleUV3DVTX.metal */; };
		74DD8E9A227B1A9B00B1C5B2 /* noise_header.metal in Sources */ = {isa = PBXBuildFile; fileRef = 74B40E9F215D5B2000518DFD /* noise_header.metal */; };
		74DD8E9B227B1A9B00B1C5B2 /* random_header.metal in Sources */ = {isa = PBXBuildFile; fileRef = 74B40EA0215D5B2000518DFD /* random_header.metal */; };
		74DD8E9C227B1A9B00B1C5B2 /* noise.metal in Sources */ = {isa = PBXBuildFile; fileRef = 74B40EA4215D5DA600518DFD /* noise.metal */; };
		74DD8E9D227B1A9B00B1C5B2 /* random.metal in Sources */ = {isa = PBXBuildFile; fileRef = 74B40EA3215D5DA600518DFD /* random.metal */; };
/* End PBXBuildFile section */

/* Begin PBXFileReference section */
		3A1D22F62156839E00D0BADD /* Nil3DVTX.metal */ = {isa = PBXFileReference; fileEncoding = 4; lastKnownFileType = sourcecode.metal; path = Nil3DVTX.metal; sourceTree = "<group>"; };
		3A1D22F8215687AF00D0BADD /* Distort3DVTX.metal */ = {isa = PBXFileReference; fileEncoding = 4; lastKnownFileType = sourcecode.metal; path = Distort3DVTX.metal; sourceTree = "<group>"; };
		3A23E98B21567BCC005D8FD1 /* Pixels3DShaders.metallib */ = {isa = PBXFileReference; explicitFileType = "archive.metal-library"; includeInIndex = 0; path = Pixels3DShaders.metallib; sourceTree = BUILT_PRODUCTS_DIR; };
		3A3D4CEC21567C5C0071FAC7 /* Color3DPIX.metal */ = {isa = PBXFileReference; lastKnownFileType = sourcecode.metal; path = Color3DPIX.metal; sourceTree = "<group>"; };
		3AEED6DC227B0154000B018A /* ParticleUV3DVTX.metal */ = {isa = PBXFileReference; lastKnownFileType = sourcecode.metal; path = ParticleUV3DVTX.metal; sourceTree = "<group>"; };
		74A3DE762230123000FC9B54 /* Obj3DVTX.metal */ = {isa = PBXFileReference; fileEncoding = 4; lastKnownFileType = sourcecode.metal; path = Obj3DVTX.metal; sourceTree = "<group>"; };
		74B40E9B215D565600518DFD /* Particle3DVTX.metal */ = {isa = PBXFileReference; fileEncoding = 4; lastKnownFileType = sourcecode.metal; path = Particle3DVTX.metal; sourceTree = "<group>"; };
		74B40E9F215D5B2000518DFD /* noise_header.metal */ = {isa = PBXFileReference; fileEncoding = 4; lastKnownFileType = sourcecode.metal; path = noise_header.metal; sourceTree = "<group>"; };
		74B40EA0215D5B2000518DFD /* random_header.metal */ = {isa = PBXFileReference; fileEncoding = 4; lastKnownFileType = sourcecode.metal; path = random_header.metal; sourceTree = "<group>"; };
		74B40EA3215D5DA600518DFD /* random.metal */ = {isa = PBXFileReference; fileEncoding = 4; lastKnownFileType = sourcecode.metal; path = random.metal; sourceTree = "<group>"; };
		74B40EA4215D5DA600518DFD /* noise.metal */ = {isa = PBXFileReference; fileEncoding = 4; lastKnownFileType = sourcecode.metal; path = noise.metal; sourceTree = "<group>"; };
		74DD8E8D227B1A9300B1C5B2 /* Pixels3DShaders-macOS.metallib */ = {isa = PBXFileReference; explicitFileType = "archive.metal-library"; includeInIndex = 0; path = "Pixels3DShaders-macOS.metallib"; sourceTree = BUILT_PRODUCTS_DIR; };
/* End PBXFileReference section */

/* Begin PBXGroup section */
		3A23E98421567BCC005D8FD1 = {
			isa = PBXGroup;
			children = (
				3A3D4CEB21567C5C0071FAC7 /* Shaders */,
				3A23E98C21567BCC005D8FD1 /* Products */,
			);
			sourceTree = "<group>";
		};
		3A23E98C21567BCC005D8FD1 /* Products */ = {
			isa = PBXGroup;
			children = (
				3A23E98B21567BCC005D8FD1 /* Pixels3DShaders.metallib */,
				74DD8E8D227B1A9300B1C5B2 /* Pixels3DShaders-macOS.metallib */,
			);
			name = Products;
			sourceTree = "<group>";
		};
		3A3D4CEB21567C5C0071FAC7 /* Shaders */ = {
			isa = PBXGroup;
			children = (
				3A3D4CEC21567C5C0071FAC7 /* Color3DPIX.metal */,
				3A1D22F62156839E00D0BADD /* Nil3DVTX.metal */,
				74A3DE762230123000FC9B54 /* Obj3DVTX.metal */,
				3A1D22F8215687AF00D0BADD /* Distort3DVTX.metal */,
				74B40E9B215D565600518DFD /* Particle3DVTX.metal */,
				3AEED6DC227B0154000B018A /* ParticleUV3DVTX.metal */,
				74B40E9F215D5B2000518DFD /* noise_header.metal */,
				74B40EA0215D5B2000518DFD /* random_header.metal */,
				74B40EA4215D5DA600518DFD /* noise.metal */,
				74B40EA3215D5DA600518DFD /* random.metal */,
			);
			name = Shaders;
			path = ../Shaders;
			sourceTree = "<group>";
		};
/* End PBXGroup section */

/* Begin PBXNativeTarget section */
		3A23E98A21567BCC005D8FD1 /* Pixels3DShaders */ = {
			isa = PBXNativeTarget;
			buildConfigurationList = 3A23E99221567BCC005D8FD1 /* Build configuration list for PBXNativeTarget "Pixels3DShaders" */;
			buildPhases = (
				3A23E98921567BCC005D8FD1 /* Sources */,
			);
			buildRules = (
			);
			dependencies = (
			);
			name = Pixels3DShaders;
			productName = Pixels3DShaders;
			productReference = 3A23E98B21567BCC005D8FD1 /* Pixels3DShaders.metallib */;
			productType = "com.apple.product-type.metal-library";
		};
		74DD8E8C227B1A9300B1C5B2 /* Pixels3DShaders-macOS */ = {
			isa = PBXNativeTarget;
			buildConfigurationList = 74DD8E93227B1A9300B1C5B2 /* Build configuration list for PBXNativeTarget "Pixels3DShaders-macOS" */;
			buildPhases = (
				74DD8E8B227B1A9300B1C5B2 /* Sources */,
			);
			buildRules = (
			);
			dependencies = (
			);
			name = "Pixels3DShaders-macOS";
			productName = "Pixels3DShaders-macOS";
			productReference = 74DD8E8D227B1A9300B1C5B2 /* Pixels3DShaders-macOS.metallib */;
			productType = "com.apple.product-type.metal-library";
		};
/* End PBXNativeTarget section */

/* Begin PBXProject section */
		3A23E98521567BCC005D8FD1 /* Project object */ = {
			isa = PBXProject;
			attributes = {
				LastUpgradeCheck = 1000;
				ORGANIZATIONNAME = Hexagons;
				TargetAttributes = {
					3A23E98A21567BCC005D8FD1 = {
						CreatedOnToolsVersion = 10.0;
					};
					74DD8E8C227B1A9300B1C5B2 = {
						CreatedOnToolsVersion = 10.2.1;
					};
				};
			};
			buildConfigurationList = 3A23E98821567BCC005D8FD1 /* Build configuration list for PBXProject "Pixels3DShaders" */;
			compatibilityVersion = "Xcode 9.3";
			developmentRegion = en;
			hasScannedForEncodings = 0;
			knownRegions = (
				en,
			);
			mainGroup = 3A23E98421567BCC005D8FD1;
			productRefGroup = 3A23E98C21567BCC005D8FD1 /* Products */;
			projectDirPath = "";
			projectRoot = "";
			targets = (
				3A23E98A21567BCC005D8FD1 /* Pixels3DShaders */,
				74DD8E8C227B1A9300B1C5B2 /* Pixels3DShaders-macOS */,
			);
		};
/* End PBXProject section */

/* Begin PBXSourcesBuildPhase section */
		3A23E98921567BCC005D8FD1 /* Sources */ = {
			isa = PBXSourcesBuildPhase;
			buildActionMask = 2147483647;
			files = (
				74B40EA1215D5B2000518DFD /* noise_header.metal in Sources */,
				3A1D22F9215687AF00D0BADD /* Distort3DVTX.metal in Sources */,
				3AEED6DD227B0154000B018A /* ParticleUV3DVTX.metal in Sources */,
				74B40EA6215D5DA600518DFD /* noise.metal in Sources */,
				3A1D22F72156839E00D0BADD /* Nil3DVTX.metal in Sources */,
				74B40EA2215D5B2000518DFD /* random_header.metal in Sources */,
				74B40E9C215D565600518DFD /* Particle3DVTX.metal in Sources */,
				74B40EA5215D5DA600518DFD /* random.metal in Sources */,
				3A3D4CED21567C7C0071FAC7 /* Color3DPIX.metal in Sources */,
				74A3DE772230123100FC9B54 /* Obj3DVTX.metal in Sources */,
			);
			runOnlyForDeploymentPostprocessing = 0;
		};
		74DD8E8B227B1A9300B1C5B2 /* Sources */ = {
			isa = PBXSourcesBuildPhase;
			buildActionMask = 2147483647;
			files = (
				74DD8E95227B1A9B00B1C5B2 /* Nil3DVTX.metal in Sources */,
				74DD8E9A227B1A9B00B1C5B2 /* noise_header.metal in Sources */,
				74DD8E9D227B1A9B00B1C5B2 /* random.metal in Sources */,
				74DD8E94227B1A9B00B1C5B2 /* Color3DPIX.metal in Sources */,
				74DD8E97227B1A9B00B1C5B2 /* Distort3DVTX.metal in Sources */,
				74DD8E9C227B1A9B00B1C5B2 /* noise.metal in Sources */,
				74DD8E96227B1A9B00B1C5B2 /* Obj3DVTX.metal in Sources */,
				74DD8E9B227B1A9B00B1C5B2 /* random_header.metal in Sources */,
				74DD8E98227B1A9B00B1C5B2 /* Particle3DVTX.metal in Sources */,
				74DD8E99227B1A9B00B1C5B2 /* ParticleUV3DVTX.metal in Sources */,
			);
			runOnlyForDeploymentPostprocessing = 0;
		};
/* End PBXSourcesBuildPhase section */

/* Begin XCBuildConfiguration section */
		3A23E99021567BCC005D8FD1 /* Debug */ = {
			isa = XCBuildConfiguration;
			buildSettings = {
				ALWAYS_SEARCH_USER_PATHS = NO;
				IPHONEOS_DEPLOYMENT_TARGET = 11.0;
				MTL_ENABLE_DEBUG_INFO = NO;
				MTL_FAST_MATH = YES;
				SDKROOT = iphoneos;
				VALID_ARCHS = "arm64 arm64e armv7 armv7s";
			};
			name = Debug;
		};
		3A23E99121567BCC005D8FD1 /* Release */ = {
			isa = XCBuildConfiguration;
			buildSettings = {
				ALWAYS_SEARCH_USER_PATHS = NO;
				IPHONEOS_DEPLOYMENT_TARGET = 11.0;
				MTL_ENABLE_DEBUG_INFO = NO;
				MTL_FAST_MATH = YES;
				SDKROOT = iphoneos;
				VALID_ARCHS = "arm64 arm64e armv7 armv7s";
			};
			name = Release;
		};
		3A23E99321567BCC005D8FD1 /* Debug */ = {
			isa = XCBuildConfiguration;
			buildSettings = {
				CODE_SIGN_STYLE = Automatic;
				DEVELOPMENT_TEAM = 2QHTY6FMW2;
				IPHONEOS_DEPLOYMENT_TARGET = 11.0;
				PRODUCT_NAME = "$(TARGET_NAME)";
				STRIP_STYLE = debugging;
				STRIP_SWIFT_SYMBOLS = NO;
				TARGETED_DEVICE_FAMILY = "1,2";
			};
			name = Debug;
		};
		3A23E99421567BCC005D8FD1 /* Release */ = {
			isa = XCBuildConfiguration;
			buildSettings = {
				CODE_SIGN_STYLE = Automatic;
				DEVELOPMENT_TEAM = 2QHTY6FMW2;
				IPHONEOS_DEPLOYMENT_TARGET = 11.0;
				PRODUCT_NAME = "$(TARGET_NAME)";
				STRIP_STYLE = debugging;
				STRIP_SWIFT_SYMBOLS = NO;
				TARGETED_DEVICE_FAMILY = "1,2";
			};
			name = Release;
		};
		74DD8E91227B1A9300B1C5B2 /* Debug */ = {
			isa = XCBuildConfiguration;
			buildSettings = {
				CODE_SIGN_IDENTITY = "-";
				CODE_SIGN_STYLE = Automatic;
				DEVELOPMENT_TEAM = 2QHTY6FMW2;
				MACOSX_DEPLOYMENT_TARGET = 10.13;
				MTL_ENABLE_DEBUG_INFO = INCLUDE_SOURCE;
				PRODUCT_NAME = "$(TARGET_NAME)";
				SDKROOT = macosx;
				VALID_ARCHS = "i386 x86_64";
			};
			name = Debug;
		};
		74DD8E92227B1A9300B1C5B2 /* Release */ = {
			isa = XCBuildConfiguration;
			buildSettings = {
				CODE_SIGN_IDENTITY = "-";
				CODE_SIGN_STYLE = Automatic;
				DEVELOPMENT_TEAM = 2QHTY6FMW2;
				MACOSX_DEPLOYMENT_TARGET = 10.13;
				PRODUCT_NAME = "$(TARGET_NAME)";
				SDKROOT = macosx;
				VALID_ARCHS = "i386 x86_64";
			};
			name = Release;
		};
/* End XCBuildConfiguration section */

/* Begin XCConfigurationList section */
		3A23E98821567BCC005D8FD1 /* Build configuration list for PBXProject "Pixels3DShaders" */ = {
			isa = XCConfigurationList;
			buildConfigurations = (
				3A23E99021567BCC005D8FD1 /* Debug */,
				3A23E99121567BCC005D8FD1 /* Release */,
			);
			defaultConfigurationIsVisible = 0;
			defaultConfigurationName = Release;
		};
		3A23E99221567BCC005D8FD1 /* Build configuration list for PBXNativeTarget "Pixels3DShaders" */ = {
			isa = XCConfigurationList;
			buildConfigurations = (
				3A23E99321567BCC005D8FD1 /* Debug */,
				3A23E99421567BCC005D8FD1 /* Release */,
			);
			defaultConfigurationIsVisible = 0;
			defaultConfigurationName = Release;
		};
		74DD8E93227B1A9300B1C5B2 /* Build configuration list for PBXNativeTarget "Pixels3DShaders-macOS" */ = {
			isa = XCConfigurationList;
			buildConfigurations = (
				74DD8E91227B1A9300B1C5B2 /* Debug */,
				74DD8E92227B1A9300B1C5B2 /* Release */,
			);
			defaultConfigurationIsVisible = 0;
			defaultConfigurationName = Release;
		};
/* End XCConfigurationList section */
	};
	rootObject = 3A23E98521567BCC005D8FD1 /* Project object */;
}
